// !$*UTF8*$!
{
	archiveVersion = 1;
	classes = {
	};
	objectVersion = 51;
	objects = {

/* Begin PBXBuildFile section */
		04D4902A25C55A76002C09DC /* Test.swift in Sources */ = {isa = PBXBuildFile; fileRef = 04D4902925C55A76002C09DC /* Test.swift */; };
		6AFE4C076487614CB0EBC80A /* Pods_just_chat.framework in Frameworks */ = {isa = PBXBuildFile; fileRef = 2161CCB4315443656765C1A3 /* Pods_just_chat.framework */; };
		8404408625C44CB900D8FFC6 /* OnboardingView.swift in Sources */ = {isa = PBXBuildFile; fileRef = 8404408525C44CB900D8FFC6 /* OnboardingView.swift */; };
		8404408C25C44DC800D8FFC6 /* PageView.swift in Sources */ = {isa = PBXBuildFile; fileRef = 8404408B25C44DC800D8FFC6 /* PageView.swift */; };
		840440A425C4599500D8FFC6 /* PageViewData.swift in Sources */ = {isa = PBXBuildFile; fileRef = 840440A325C4599500D8FFC6 /* PageViewData.swift */; };
		8494FB3B25C29614000F13B1 /* just_chatApp.swift in Sources */ = {isa = PBXBuildFile; fileRef = 8494FB3A25C29614000F13B1 /* just_chatApp.swift */; };
		8494FB3D25C29614000F13B1 /* ContentView.swift in Sources */ = {isa = PBXBuildFile; fileRef = 8494FB3C25C29614000F13B1 /* ContentView.swift */; };
		8494FB3F25C29615000F13B1 /* Assets.xcassets in Resources */ = {isa = PBXBuildFile; fileRef = 8494FB3E25C29615000F13B1 /* Assets.xcassets */; };
		8494FB4225C29615000F13B1 /* Preview Assets.xcassets in Resources */ = {isa = PBXBuildFile; fileRef = 8494FB4125C29615000F13B1 /* Preview Assets.xcassets */; };
		8494FB4425C29615000F13B1 /* Persistence.swift in Sources */ = {isa = PBXBuildFile; fileRef = 8494FB4325C29615000F13B1 /* Persistence.swift */; };
		8494FB4725C29615000F13B1 /* just_chat.xcdatamodeld in Sources */ = {isa = PBXBuildFile; fileRef = 8494FB4525C29615000F13B1 /* just_chat.xcdatamodeld */; };
		8494FB5225C29615000F13B1 /* just_chatTests.swift in Sources */ = {isa = PBXBuildFile; fileRef = 8494FB5125C29615000F13B1 /* just_chatTests.swift */; };
		8494FB5D25C29615000F13B1 /* just_chatUITests.swift in Sources */ = {isa = PBXBuildFile; fileRef = 8494FB5C25C29615000F13B1 /* just_chatUITests.swift */; };
		8494FB6F25C29D2F000F13B1 /* GoogleService-Info.plist in Resources */ = {isa = PBXBuildFile; fileRef = 8494FB6E25C29D2F000F13B1 /* GoogleService-Info.plist */; };
		84BE794325C2C9920094E9A6 /* AuthService.swift in Sources */ = {isa = PBXBuildFile; fileRef = 84BE794225C2C9920094E9A6 /* AuthService.swift */; };
		84BE794925C2C9F30094E9A6 /* AppUser.swift in Sources */ = {isa = PBXBuildFile; fileRef = 84BE794825C2C9F30094E9A6 /* AppUser.swift */; };
		84BE796125C2CDA60094E9A6 /* UserSession.swift in Sources */ = {isa = PBXBuildFile; fileRef = 84BE796025C2CDA60094E9A6 /* UserSession.swift */; };
		84CA333D25C2D62F00A7FFB4 /* RegisterView.swift in Sources */ = {isa = PBXBuildFile; fileRef = 84CA333C25C2D62F00A7FFB4 /* RegisterView.swift */; };
		84CA334525C2D64700A7FFB4 /* LoginView.swift in Sources */ = {isa = PBXBuildFile; fileRef = 84CA334425C2D64700A7FFB4 /* LoginView.swift */; };
		84CA336525C2EF3300A7FFB4 /* ChatViewModel.swift in Sources */ = {isa = PBXBuildFile; fileRef = 84CA336425C2EF3300A7FFB4 /* ChatViewModel.swift */; };
		84CA336B25C2F08300A7FFB4 /* ChatView.swift in Sources */ = {isa = PBXBuildFile; fileRef = 84CA336A25C2F08300A7FFB4 /* ChatView.swift */; };
		84CA337025C3008600A7FFB4 /* ChatHistoryService.swift in Sources */ = {isa = PBXBuildFile; fileRef = 84CA336F25C3008600A7FFB4 /* ChatHistoryService.swift */; };
		84CA337725C3018300A7FFB4 /* TextMessageBuilder.swift in Sources */ = {isa = PBXBuildFile; fileRef = 84CA337625C3018300A7FFB4 /* TextMessageBuilder.swift */; };
		84CA337D25C3369900A7FFB4 /* AuthForm.swift in Sources */ = {isa = PBXBuildFile; fileRef = 84CA337C25C3369900A7FFB4 /* AuthForm.swift */; };
		84CA338325C336D800A7FFB4 /* FormField.swift in Sources */ = {isa = PBXBuildFile; fileRef = 84CA338225C336D800A7FFB4 /* FormField.swift */; };
		84CA338825C3370700A7FFB4 /* FormFieldType.swift in Sources */ = {isa = PBXBuildFile; fileRef = 84CA338725C3370700A7FFB4 /* FormFieldType.swift */; };
		84CA338D25C338D300A7FFB4 /* Placeholders.swift in Sources */ = {isa = PBXBuildFile; fileRef = 84CA338C25C338D300A7FFB4 /* Placeholders.swift */; };
		84CA339A25C33D9700A7FFB4 /* FormFieldView.swift in Sources */ = {isa = PBXBuildFile; fileRef = 84CA339925C33D9700A7FFB4 /* FormFieldView.swift */; };
		84DAD3DC25C2AC8100B27BDA /* MessageProtocol.swift in Sources */ = {isa = PBXBuildFile; fileRef = 84DAD3DB25C2AC8100B27BDA /* MessageProtocol.swift */; };
		84DAD3F025C2AD7A00B27BDA /* TextMessage.swift in Sources */ = {isa = PBXBuildFile; fileRef = 84DAD3EF25C2AD7A00B27BDA /* TextMessage.swift */; };
		84DAD3F625C2ADE200B27BDA /* TextMessageContent.swift in Sources */ = {isa = PBXBuildFile; fileRef = 84DAD3F525C2ADE200B27BDA /* TextMessageContent.swift */; };
		84DAD40125C2AF8600B27BDA /* MessageType.swift in Sources */ = {isa = PBXBuildFile; fileRef = 84DAD40025C2AF8600B27BDA /* MessageType.swift */; };
		84DAD45F25C2B3EA00B27BDA /* FirestoreCollections.swift in Sources */ = {isa = PBXBuildFile; fileRef = 84DAD45E25C2B3EA00B27BDA /* FirestoreCollections.swift */; };
		84DAD46825C2B69F00B27BDA /* ChatHistoryRepository.swift in Sources */ = {isa = PBXBuildFile; fileRef = 84DAD46725C2B69F00B27BDA /* ChatHistoryRepository.swift */; };
/* End PBXBuildFile section */

/* Begin PBXContainerItemProxy section */
		8494FB4E25C29615000F13B1 /* PBXContainerItemProxy */ = {
			isa = PBXContainerItemProxy;
			containerPortal = 8494FB2F25C29614000F13B1 /* Project object */;
			proxyType = 1;
			remoteGlobalIDString = 8494FB3625C29614000F13B1;
			remoteInfo = "just-chat";
		};
		8494FB5925C29615000F13B1 /* PBXContainerItemProxy */ = {
			isa = PBXContainerItemProxy;
			containerPortal = 8494FB2F25C29614000F13B1 /* Project object */;
			proxyType = 1;
			remoteGlobalIDString = 8494FB3625C29614000F13B1;
			remoteInfo = "just-chat";
		};
/* End PBXContainerItemProxy section */

/* Begin PBXFileReference section */
		04D4902925C55A76002C09DC /* Test.swift */ = {isa = PBXFileReference; lastKnownFileType = sourcecode.swift; path = Test.swift; sourceTree = "<group>"; };
		2161CCB4315443656765C1A3 /* Pods_just_chat.framework */ = {isa = PBXFileReference; explicitFileType = wrapper.framework; includeInIndex = 0; path = Pods_just_chat.framework; sourceTree = BUILT_PRODUCTS_DIR; };
		43905329677C69EC9ACEB90C /* Pods-just-chat.release.xcconfig */ = {isa = PBXFileReference; includeInIndex = 1; lastKnownFileType = text.xcconfig; name = "Pods-just-chat.release.xcconfig"; path = "Target Support Files/Pods-just-chat/Pods-just-chat.release.xcconfig"; sourceTree = "<group>"; };
		8404408525C44CB900D8FFC6 /* OnboardingView.swift */ = {isa = PBXFileReference; lastKnownFileType = sourcecode.swift; path = OnboardingView.swift; sourceTree = "<group>"; };
		8404408B25C44DC800D8FFC6 /* PageView.swift */ = {isa = PBXFileReference; lastKnownFileType = sourcecode.swift; path = PageView.swift; sourceTree = "<group>"; };
		840440A325C4599500D8FFC6 /* PageViewData.swift */ = {isa = PBXFileReference; lastKnownFileType = sourcecode.swift; path = PageViewData.swift; sourceTree = "<group>"; };
		8494FB3725C29614000F13B1 /* just-chat.app */ = {isa = PBXFileReference; explicitFileType = wrapper.application; includeInIndex = 0; path = "just-chat.app"; sourceTree = BUILT_PRODUCTS_DIR; };
		8494FB3A25C29614000F13B1 /* just_chatApp.swift */ = {isa = PBXFileReference; lastKnownFileType = sourcecode.swift; path = just_chatApp.swift; sourceTree = "<group>"; };
		8494FB3C25C29614000F13B1 /* ContentView.swift */ = {isa = PBXFileReference; lastKnownFileType = sourcecode.swift; path = ContentView.swift; sourceTree = "<group>"; };
		8494FB3E25C29615000F13B1 /* Assets.xcassets */ = {isa = PBXFileReference; lastKnownFileType = folder.assetcatalog; path = Assets.xcassets; sourceTree = "<group>"; };
		8494FB4125C29615000F13B1 /* Preview Assets.xcassets */ = {isa = PBXFileReference; lastKnownFileType = folder.assetcatalog; path = "Preview Assets.xcassets"; sourceTree = "<group>"; };
		8494FB4325C29615000F13B1 /* Persistence.swift */ = {isa = PBXFileReference; lastKnownFileType = sourcecode.swift; path = Persistence.swift; sourceTree = "<group>"; };
		8494FB4625C29615000F13B1 /* just_chat.xcdatamodel */ = {isa = PBXFileReference; lastKnownFileType = wrapper.xcdatamodel; path = just_chat.xcdatamodel; sourceTree = "<group>"; };
		8494FB4825C29615000F13B1 /* Info.plist */ = {isa = PBXFileReference; lastKnownFileType = text.plist.xml; path = Info.plist; sourceTree = "<group>"; };
		8494FB4D25C29615000F13B1 /* just-chatTests.xctest */ = {isa = PBXFileReference; explicitFileType = wrapper.cfbundle; includeInIndex = 0; path = "just-chatTests.xctest"; sourceTree = BUILT_PRODUCTS_DIR; };
		8494FB5125C29615000F13B1 /* just_chatTests.swift */ = {isa = PBXFileReference; lastKnownFileType = sourcecode.swift; path = just_chatTests.swift; sourceTree = "<group>"; };
		8494FB5325C29615000F13B1 /* Info.plist */ = {isa = PBXFileReference; lastKnownFileType = text.plist.xml; path = Info.plist; sourceTree = "<group>"; };
		8494FB5825C29615000F13B1 /* just-chatUITests.xctest */ = {isa = PBXFileReference; explicitFileType = wrapper.cfbundle; includeInIndex = 0; path = "just-chatUITests.xctest"; sourceTree = BUILT_PRODUCTS_DIR; };
		8494FB5C25C29615000F13B1 /* just_chatUITests.swift */ = {isa = PBXFileReference; lastKnownFileType = sourcecode.swift; path = just_chatUITests.swift; sourceTree = "<group>"; };
		8494FB5E25C29615000F13B1 /* Info.plist */ = {isa = PBXFileReference; lastKnownFileType = text.plist.xml; path = Info.plist; sourceTree = "<group>"; };
		8494FB6E25C29D2F000F13B1 /* GoogleService-Info.plist */ = {isa = PBXFileReference; fileEncoding = 4; lastKnownFileType = text.plist.xml; path = "GoogleService-Info.plist"; sourceTree = "<group>"; };
		84BE794225C2C9920094E9A6 /* AuthService.swift */ = {isa = PBXFileReference; lastKnownFileType = sourcecode.swift; path = AuthService.swift; sourceTree = "<group>"; };
		84BE794825C2C9F30094E9A6 /* AppUser.swift */ = {isa = PBXFileReference; lastKnownFileType = sourcecode.swift; path = AppUser.swift; sourceTree = "<group>"; };
		84BE796025C2CDA60094E9A6 /* UserSession.swift */ = {isa = PBXFileReference; lastKnownFileType = sourcecode.swift; path = UserSession.swift; sourceTree = "<group>"; };
		84CA333C25C2D62F00A7FFB4 /* RegisterView.swift */ = {isa = PBXFileReference; lastKnownFileType = sourcecode.swift; path = RegisterView.swift; sourceTree = "<group>"; };
		84CA334425C2D64700A7FFB4 /* LoginView.swift */ = {isa = PBXFileReference; lastKnownFileType = sourcecode.swift; path = LoginView.swift; sourceTree = "<group>"; };
		84CA336425C2EF3300A7FFB4 /* ChatViewModel.swift */ = {isa = PBXFileReference; lastKnownFileType = sourcecode.swift; path = ChatViewModel.swift; sourceTree = "<group>"; };
		84CA336A25C2F08300A7FFB4 /* ChatView.swift */ = {isa = PBXFileReference; lastKnownFileType = sourcecode.swift; path = ChatView.swift; sourceTree = "<group>"; };
		84CA336F25C3008600A7FFB4 /* ChatHistoryService.swift */ = {isa = PBXFileReference; lastKnownFileType = sourcecode.swift; path = ChatHistoryService.swift; sourceTree = "<group>"; };
		84CA337625C3018300A7FFB4 /* TextMessageBuilder.swift */ = {isa = PBXFileReference; lastKnownFileType = sourcecode.swift; path = TextMessageBuilder.swift; sourceTree = "<group>"; };
		84CA337C25C3369900A7FFB4 /* AuthForm.swift */ = {isa = PBXFileReference; lastKnownFileType = sourcecode.swift; path = AuthForm.swift; sourceTree = "<group>"; };
		84CA338225C336D800A7FFB4 /* FormField.swift */ = {isa = PBXFileReference; lastKnownFileType = sourcecode.swift; path = FormField.swift; sourceTree = "<group>"; };
		84CA338725C3370700A7FFB4 /* FormFieldType.swift */ = {isa = PBXFileReference; lastKnownFileType = sourcecode.swift; path = FormFieldType.swift; sourceTree = "<group>"; };
		84CA338C25C338D300A7FFB4 /* Placeholders.swift */ = {isa = PBXFileReference; lastKnownFileType = sourcecode.swift; path = Placeholders.swift; sourceTree = "<group>"; };
		84CA339925C33D9700A7FFB4 /* FormFieldView.swift */ = {isa = PBXFileReference; lastKnownFileType = sourcecode.swift; path = FormFieldView.swift; sourceTree = "<group>"; };
		84DAD3DB25C2AC8100B27BDA /* MessageProtocol.swift */ = {isa = PBXFileReference; lastKnownFileType = sourcecode.swift; path = MessageProtocol.swift; sourceTree = "<group>"; };
		84DAD3EF25C2AD7A00B27BDA /* TextMessage.swift */ = {isa = PBXFileReference; lastKnownFileType = sourcecode.swift; path = TextMessage.swift; sourceTree = "<group>"; };
		84DAD3F525C2ADE200B27BDA /* TextMessageContent.swift */ = {isa = PBXFileReference; lastKnownFileType = sourcecode.swift; path = TextMessageContent.swift; sourceTree = "<group>"; };
		84DAD40025C2AF8600B27BDA /* MessageType.swift */ = {isa = PBXFileReference; lastKnownFileType = sourcecode.swift; path = MessageType.swift; sourceTree = "<group>"; };
		84DAD45E25C2B3EA00B27BDA /* FirestoreCollections.swift */ = {isa = PBXFileReference; lastKnownFileType = sourcecode.swift; path = FirestoreCollections.swift; sourceTree = "<group>"; };
		84DAD46725C2B69F00B27BDA /* ChatHistoryRepository.swift */ = {isa = PBXFileReference; lastKnownFileType = sourcecode.swift; path = ChatHistoryRepository.swift; sourceTree = "<group>"; };
		A6AE2330828B6048499FABFE /* Pods-just-chat.debug.xcconfig */ = {isa = PBXFileReference; includeInIndex = 1; lastKnownFileType = text.xcconfig; name = "Pods-just-chat.debug.xcconfig"; path = "Target Support Files/Pods-just-chat/Pods-just-chat.debug.xcconfig"; sourceTree = "<group>"; };
/* End PBXFileReference section */

/* Begin PBXFrameworksBuildPhase section */
		8494FB3425C29614000F13B1 /* Frameworks */ = {
			isa = PBXFrameworksBuildPhase;
			buildActionMask = 2147483647;
			files = (
				6AFE4C076487614CB0EBC80A /* Pods_just_chat.framework in Frameworks */,
			);
			runOnlyForDeploymentPostprocessing = 0;
		};
		8494FB4A25C29615000F13B1 /* Frameworks */ = {
			isa = PBXFrameworksBuildPhase;
			buildActionMask = 2147483647;
			files = (
			);
			runOnlyForDeploymentPostprocessing = 0;
		};
		8494FB5525C29615000F13B1 /* Frameworks */ = {
			isa = PBXFrameworksBuildPhase;
			buildActionMask = 2147483647;
			files = (
			);
			runOnlyForDeploymentPostprocessing = 0;
		};
/* End PBXFrameworksBuildPhase section */

/* Begin PBXGroup section */
		8404408425C44C9600D8FFC6 /* Onboarding */ = {
			isa = PBXGroup;
			children = (
				8404409425C44E1800D8FFC6 /* Pages */,
				8404408525C44CB900D8FFC6 /* OnboardingView.swift */,
			);
			path = Onboarding;
			sourceTree = "<group>";
		};
		8404409425C44E1800D8FFC6 /* Pages */ = {
			isa = PBXGroup;
			children = (
				8404408B25C44DC800D8FFC6 /* PageView.swift */,
				840440A325C4599500D8FFC6 /* PageViewData.swift */,
			);
			name = Pages;
			path = pages/Pages;
			sourceTree = "<group>";
		};
		8494FB2E25C29614000F13B1 = {
			isa = PBXGroup;
			children = (
				8494FB3925C29614000F13B1 /* just-chat */,
				8494FB5025C29615000F13B1 /* just-chatTests */,
				8494FB5B25C29615000F13B1 /* just-chatUITests */,
				8494FB3825C29614000F13B1 /* Products */,
				F24A05A902FB1B6B6DAFB1E1 /* Pods */,
				95B5C533B04C8D14C4C19288 /* Frameworks */,
			);
			sourceTree = "<group>";
		};
		8494FB3825C29614000F13B1 /* Products */ = {
			isa = PBXGroup;
			children = (
				8494FB3725C29614000F13B1 /* just-chat.app */,
				8494FB4D25C29615000F13B1 /* just-chatTests.xctest */,
				8494FB5825C29615000F13B1 /* just-chatUITests.xctest */,
			);
			name = Products;
			sourceTree = "<group>";
		};
		8494FB3925C29614000F13B1 /* just-chat */ = {
			isa = PBXGroup;
			children = (
				84BE795E25C2CD8B0094E9A6 /* ViewModels */,
				84DAD45D25C2B3D500B27BDA /* Constants */,
				84DAD40E25C2B17D00B27BDA /* Repositories */,
				84DAD3CE25C2AA6B00B27BDA /* Services */,
				84DAD3B425C2A5E600B27BDA /* Models */,
				8494FB6D25C29B66000F13B1 /* Views */,
				8494FB3A25C29614000F13B1 /* just_chatApp.swift */,
				8494FB3E25C29615000F13B1 /* Assets.xcassets */,
				8494FB4325C29615000F13B1 /* Persistence.swift */,
				8494FB4825C29615000F13B1 /* Info.plist */,
				8494FB6E25C29D2F000F13B1 /* GoogleService-Info.plist */,
				8494FB4525C29615000F13B1 /* just_chat.xcdatamodeld */,
				8494FB4025C29615000F13B1 /* Preview Content */,
			);
			path = "just-chat";
			sourceTree = "<group>";
		};
		8494FB4025C29615000F13B1 /* Preview Content */ = {
			isa = PBXGroup;
			children = (
				8494FB4125C29615000F13B1 /* Preview Assets.xcassets */,
			);
			path = "Preview Content";
			sourceTree = "<group>";
		};
		8494FB5025C29615000F13B1 /* just-chatTests */ = {
			isa = PBXGroup;
			children = (
				8494FB5125C29615000F13B1 /* just_chatTests.swift */,
				8494FB5325C29615000F13B1 /* Info.plist */,
			);
			path = "just-chatTests";
			sourceTree = "<group>";
		};
		8494FB5B25C29615000F13B1 /* just-chatUITests */ = {
			isa = PBXGroup;
			children = (
				8494FB5C25C29615000F13B1 /* just_chatUITests.swift */,
				8494FB5E25C29615000F13B1 /* Info.plist */,
			);
			path = "just-chatUITests";
			sourceTree = "<group>";
		};
		8494FB6D25C29B66000F13B1 /* Views */ = {
			isa = PBXGroup;
			children = (
				8404408425C44C9600D8FFC6 /* Onboarding */,
				84CA336925C2F07400A7FFB4 /* Chat */,
				84CA333B25C2D61E00A7FFB4 /* Auth */,
				8494FB3C25C29614000F13B1 /* ContentView.swift */,
				04D4902925C55A76002C09DC /* Test.swift */,
			);
			path = Views;
			sourceTree = "<group>";
		};
		84BE794725C2C9E70094E9A6 /* User */ = {
			isa = PBXGroup;
			children = (
				84BE794825C2C9F30094E9A6 /* AppUser.swift */,
			);
			path = User;
			sourceTree = "<group>";
		};
		84BE795E25C2CD8B0094E9A6 /* ViewModels */ = {
			isa = PBXGroup;
			children = (
				84CA337B25C3367C00A7FFB4 /* AuthForm */,
				84CA336325C2EF1D00A7FFB4 /* Chat */,
				84BE795F25C2CD980094E9A6 /* User */,
			);
			path = ViewModels;
			sourceTree = "<group>";
		};
		84BE795F25C2CD980094E9A6 /* User */ = {
			isa = PBXGroup;
			children = (
				84BE796025C2CDA60094E9A6 /* UserSession.swift */,
			);
			path = User;
			sourceTree = "<group>";
		};
		84CA333B25C2D61E00A7FFB4 /* Auth */ = {
			isa = PBXGroup;
			children = (
				84CA333C25C2D62F00A7FFB4 /* RegisterView.swift */,
				84CA334425C2D64700A7FFB4 /* LoginView.swift */,
				84CA339925C33D9700A7FFB4 /* FormFieldView.swift */,
			);
			path = Auth;
			sourceTree = "<group>";
		};
		84CA336325C2EF1D00A7FFB4 /* Chat */ = {
			isa = PBXGroup;
			children = (
				84CA336425C2EF3300A7FFB4 /* ChatViewModel.swift */,
			);
			path = Chat;
			sourceTree = "<group>";
		};
		84CA336925C2F07400A7FFB4 /* Chat */ = {
			isa = PBXGroup;
			children = (
				84CA336A25C2F08300A7FFB4 /* ChatView.swift */,
			);
			path = Chat;
			sourceTree = "<group>";
		};
		84CA337525C3016E00A7FFB4 /* Builders */ = {
			isa = PBXGroup;
			children = (
				84CA337625C3018300A7FFB4 /* TextMessageBuilder.swift */,
			);
			path = Builders;
			sourceTree = "<group>";
		};
		84CA337B25C3367C00A7FFB4 /* AuthForm */ = {
			isa = PBXGroup;
			children = (
				84CA337C25C3369900A7FFB4 /* AuthForm.swift */,
			);
			path = AuthForm;
			sourceTree = "<group>";
		};
		84CA338125C336BE00A7FFB4 /* UI */ = {
			isa = PBXGroup;
			children = (
				84CA338225C336D800A7FFB4 /* FormField.swift */,
				84CA338725C3370700A7FFB4 /* FormFieldType.swift */,
			);
			path = UI;
			sourceTree = "<group>";
		};
		84DAD3B425C2A5E600B27BDA /* Models */ = {
			isa = PBXGroup;
			children = (
				84CA338125C336BE00A7FFB4 /* UI */,
				84BE794725C2C9E70094E9A6 /* User */,
				84DAD3B525C2A5EE00B27BDA /* Message */,
			);
			path = Models;
			sourceTree = "<group>";
		};
		84DAD3B525C2A5EE00B27BDA /* Message */ = {
			isa = PBXGroup;
			children = (
				84DAD3F425C2ADC300B27BDA /* TextMessage */,
				84DAD3DB25C2AC8100B27BDA /* MessageProtocol.swift */,
				84DAD40025C2AF8600B27BDA /* MessageType.swift */,
			);
			path = Message;
			sourceTree = "<group>";
		};
		84DAD3CE25C2AA6B00B27BDA /* Services */ = {
			isa = PBXGroup;
			children = (
				84CA337525C3016E00A7FFB4 /* Builders */,
				84BE794225C2C9920094E9A6 /* AuthService.swift */,
				84CA336F25C3008600A7FFB4 /* ChatHistoryService.swift */,
			);
			path = Services;
			sourceTree = "<group>";
		};
		84DAD3F425C2ADC300B27BDA /* TextMessage */ = {
			isa = PBXGroup;
			children = (
				84DAD3EF25C2AD7A00B27BDA /* TextMessage.swift */,
				84DAD3F525C2ADE200B27BDA /* TextMessageContent.swift */,
			);
			path = TextMessage;
			sourceTree = "<group>";
		};
		84DAD40E25C2B17D00B27BDA /* Repositories */ = {
			isa = PBXGroup;
			children = (
				84DAD46325C2B67E00B27BDA /* Firestore */,
			);
			path = Repositories;
			sourceTree = "<group>";
		};
		84DAD45D25C2B3D500B27BDA /* Constants */ = {
			isa = PBXGroup;
			children = (
				84DAD45E25C2B3EA00B27BDA /* FirestoreCollections.swift */,
				84CA338C25C338D300A7FFB4 /* Placeholders.swift */,
			);
			path = Constants;
			sourceTree = "<group>";
		};
		84DAD46325C2B67E00B27BDA /* Firestore */ = {
			isa = PBXGroup;
			children = (
				84DAD46725C2B69F00B27BDA /* ChatHistoryRepository.swift */,
			);
			path = Firestore;
			sourceTree = "<group>";
		};
		95B5C533B04C8D14C4C19288 /* Frameworks */ = {
			isa = PBXGroup;
			children = (
				2161CCB4315443656765C1A3 /* Pods_just_chat.framework */,
			);
			name = Frameworks;
			sourceTree = "<group>";
		};
		F24A05A902FB1B6B6DAFB1E1 /* Pods */ = {
			isa = PBXGroup;
			children = (
				A6AE2330828B6048499FABFE /* Pods-just-chat.debug.xcconfig */,
				43905329677C69EC9ACEB90C /* Pods-just-chat.release.xcconfig */,
			);
			path = Pods;
			sourceTree = "<group>";
		};
/* End PBXGroup section */

/* Begin PBXNativeTarget section */
		8494FB3625C29614000F13B1 /* just-chat */ = {
			isa = PBXNativeTarget;
			buildConfigurationList = 8494FB6125C29615000F13B1 /* Build configuration list for PBXNativeTarget "just-chat" */;
			buildPhases = (
				0F6DA4BFF73ED8139F329522 /* [CP] Check Pods Manifest.lock */,
				8494FB3325C29614000F13B1 /* Sources */,
				8494FB3425C29614000F13B1 /* Frameworks */,
				8494FB3525C29614000F13B1 /* Resources */,
				17CC41DF9BB8B91D37ED2E84 /* [CP] Embed Pods Frameworks */,
			);
			buildRules = (
			);
			dependencies = (
			);
			name = "just-chat";
			productName = "just-chat";
			productReference = 8494FB3725C29614000F13B1 /* just-chat.app */;
			productType = "com.apple.product-type.application";
		};
		8494FB4C25C29615000F13B1 /* just-chatTests */ = {
			isa = PBXNativeTarget;
			buildConfigurationList = 8494FB6425C29615000F13B1 /* Build configuration list for PBXNativeTarget "just-chatTests" */;
			buildPhases = (
				8494FB4925C29615000F13B1 /* Sources */,
				8494FB4A25C29615000F13B1 /* Frameworks */,
				8494FB4B25C29615000F13B1 /* Resources */,
			);
			buildRules = (
			);
			dependencies = (
				8494FB4F25C29615000F13B1 /* PBXTargetDependency */,
			);
			name = "just-chatTests";
			productName = "just-chatTests";
			productReference = 8494FB4D25C29615000F13B1 /* just-chatTests.xctest */;
			productType = "com.apple.product-type.bundle.unit-test";
		};
		8494FB5725C29615000F13B1 /* just-chatUITests */ = {
			isa = PBXNativeTarget;
			buildConfigurationList = 8494FB6725C29615000F13B1 /* Build configuration list for PBXNativeTarget "just-chatUITests" */;
			buildPhases = (
				8494FB5425C29615000F13B1 /* Sources */,
				8494FB5525C29615000F13B1 /* Frameworks */,
				8494FB5625C29615000F13B1 /* Resources */,
			);
			buildRules = (
			);
			dependencies = (
				8494FB5A25C29615000F13B1 /* PBXTargetDependency */,
			);
			name = "just-chatUITests";
			productName = "just-chatUITests";
			productReference = 8494FB5825C29615000F13B1 /* just-chatUITests.xctest */;
			productType = "com.apple.product-type.bundle.ui-testing";
		};
/* End PBXNativeTarget section */

/* Begin PBXProject section */
		8494FB2F25C29614000F13B1 /* Project object */ = {
			isa = PBXProject;
			attributes = {
				LastSwiftUpdateCheck = 1230;
				LastUpgradeCheck = 1230;
				TargetAttributes = {
					8494FB3625C29614000F13B1 = {
						CreatedOnToolsVersion = 12.3;
					};
					8494FB4C25C29615000F13B1 = {
						CreatedOnToolsVersion = 12.3;
						TestTargetID = 8494FB3625C29614000F13B1;
					};
					8494FB5725C29615000F13B1 = {
						CreatedOnToolsVersion = 12.3;
						TestTargetID = 8494FB3625C29614000F13B1;
					};
				};
			};
			buildConfigurationList = 8494FB3225C29614000F13B1 /* Build configuration list for PBXProject "just-chat" */;
			compatibilityVersion = "Xcode 9.3";
			developmentRegion = en;
			hasScannedForEncodings = 0;
			knownRegions = (
				en,
				Base,
			);
			mainGroup = 8494FB2E25C29614000F13B1;
			productRefGroup = 8494FB3825C29614000F13B1 /* Products */;
			projectDirPath = "";
			projectRoot = "";
			targets = (
				8494FB3625C29614000F13B1 /* just-chat */,
				8494FB4C25C29615000F13B1 /* just-chatTests */,
				8494FB5725C29615000F13B1 /* just-chatUITests */,
			);
		};
/* End PBXProject section */

/* Begin PBXResourcesBuildPhase section */
		8494FB3525C29614000F13B1 /* Resources */ = {
			isa = PBXResourcesBuildPhase;
			buildActionMask = 2147483647;
			files = (
				8494FB4225C29615000F13B1 /* Preview Assets.xcassets in Resources */,
				8494FB3F25C29615000F13B1 /* Assets.xcassets in Resources */,
				8494FB6F25C29D2F000F13B1 /* GoogleService-Info.plist in Resources */,
			);
			runOnlyForDeploymentPostprocessing = 0;
		};
		8494FB4B25C29615000F13B1 /* Resources */ = {
			isa = PBXResourcesBuildPhase;
			buildActionMask = 2147483647;
			files = (
			);
			runOnlyForDeploymentPostprocessing = 0;
		};
		8494FB5625C29615000F13B1 /* Resources */ = {
			isa = PBXResourcesBuildPhase;
			buildActionMask = 2147483647;
			files = (
			);
			runOnlyForDeploymentPostprocessing = 0;
		};
/* End PBXResourcesBuildPhase section */

/* Begin PBXShellScriptBuildPhase section */
		0F6DA4BFF73ED8139F329522 /* [CP] Check Pods Manifest.lock */ = {
			isa = PBXShellScriptBuildPhase;
			buildActionMask = 2147483647;
			files = (
			);
			inputFileListPaths = (
			);
			inputPaths = (
				"${PODS_PODFILE_DIR_PATH}/Podfile.lock",
				"${PODS_ROOT}/Manifest.lock",
			);
			name = "[CP] Check Pods Manifest.lock";
			outputFileListPaths = (
			);
			outputPaths = (
				"$(DERIVED_FILE_DIR)/Pods-just-chat-checkManifestLockResult.txt",
			);
			runOnlyForDeploymentPostprocessing = 0;
			shellPath = /bin/sh;
			shellScript = "diff \"${PODS_PODFILE_DIR_PATH}/Podfile.lock\" \"${PODS_ROOT}/Manifest.lock\" > /dev/null\nif [ $? != 0 ] ; then\n    # print error to STDERR\n    echo \"error: The sandbox is not in sync with the Podfile.lock. Run 'pod install' or update your CocoaPods installation.\" >&2\n    exit 1\nfi\n# This output is used by Xcode 'outputs' to avoid re-running this script phase.\necho \"SUCCESS\" > \"${SCRIPT_OUTPUT_FILE_0}\"\n";
			showEnvVarsInLog = 0;
		};
		17CC41DF9BB8B91D37ED2E84 /* [CP] Embed Pods Frameworks */ = {
			isa = PBXShellScriptBuildPhase;
			buildActionMask = 2147483647;
			files = (
			);
			inputFileListPaths = (
				"${PODS_ROOT}/Target Support Files/Pods-just-chat/Pods-just-chat-frameworks-${CONFIGURATION}-input-files.xcfilelist",
			);
			name = "[CP] Embed Pods Frameworks";
			outputFileListPaths = (
				"${PODS_ROOT}/Target Support Files/Pods-just-chat/Pods-just-chat-frameworks-${CONFIGURATION}-output-files.xcfilelist",
			);
			runOnlyForDeploymentPostprocessing = 0;
			shellPath = /bin/sh;
			shellScript = "\"${PODS_ROOT}/Target Support Files/Pods-just-chat/Pods-just-chat-frameworks.sh\"\n";
			showEnvVarsInLog = 0;
		};
/* End PBXShellScriptBuildPhase section */

/* Begin PBXSourcesBuildPhase section */
		8494FB3325C29614000F13B1 /* Sources */ = {
			isa = PBXSourcesBuildPhase;
			buildActionMask = 2147483647;
			files = (
				84CA338325C336D800A7FFB4 /* FormField.swift in Sources */,
				84DAD3F625C2ADE200B27BDA /* TextMessageContent.swift in Sources */,
				840440A425C4599500D8FFC6 /* PageViewData.swift in Sources */,
				8494FB4425C29615000F13B1 /* Persistence.swift in Sources */,
				84DAD3DC25C2AC8100B27BDA /* MessageProtocol.swift in Sources */,
				84CA334525C2D64700A7FFB4 /* LoginView.swift in Sources */,
				84CA333D25C2D62F00A7FFB4 /* RegisterView.swift in Sources */,
				84DAD40125C2AF8600B27BDA /* MessageType.swift in Sources */,
				8494FB3D25C29614000F13B1 /* ContentView.swift in Sources */,
				84CA337D25C3369900A7FFB4 /* AuthForm.swift in Sources */,
				84BE794325C2C9920094E9A6 /* AuthService.swift in Sources */,
				8494FB3B25C29614000F13B1 /* just_chatApp.swift in Sources */,
				84DAD3F025C2AD7A00B27BDA /* TextMessage.swift in Sources */,
				84CA337025C3008600A7FFB4 /* ChatHistoryService.swift in Sources */,
				84CA337725C3018300A7FFB4 /* TextMessageBuilder.swift in Sources */,
				84CA336525C2EF3300A7FFB4 /* ChatViewModel.swift in Sources */,
				84BE794925C2C9F30094E9A6 /* AppUser.swift in Sources */,
				04D4902A25C55A76002C09DC /* Test.swift in Sources */,
				8404408C25C44DC800D8FFC6 /* PageView.swift in Sources */,
				84CA336B25C2F08300A7FFB4 /* ChatView.swift in Sources */,
				84CA339A25C33D9700A7FFB4 /* FormFieldView.swift in Sources */,
				8404408625C44CB900D8FFC6 /* OnboardingView.swift in Sources */,
				8494FB4725C29615000F13B1 /* just_chat.xcdatamodeld in Sources */,
				84DAD46825C2B69F00B27BDA /* ChatHistoryRepository.swift in Sources */,
				84BE796125C2CDA60094E9A6 /* UserSession.swift in Sources */,
				84CA338825C3370700A7FFB4 /* FormFieldType.swift in Sources */,
				84DAD45F25C2B3EA00B27BDA /* FirestoreCollections.swift in Sources */,
				84CA338D25C338D300A7FFB4 /* Placeholders.swift in Sources */,
			);
			runOnlyForDeploymentPostprocessing = 0;
		};
		8494FB4925C29615000F13B1 /* Sources */ = {
			isa = PBXSourcesBuildPhase;
			buildActionMask = 2147483647;
			files = (
				8494FB5225C29615000F13B1 /* just_chatTests.swift in Sources */,
			);
			runOnlyForDeploymentPostprocessing = 0;
		};
		8494FB5425C29615000F13B1 /* Sources */ = {
			isa = PBXSourcesBuildPhase;
			buildActionMask = 2147483647;
			files = (
				8494FB5D25C29615000F13B1 /* just_chatUITests.swift in Sources */,
			);
			runOnlyForDeploymentPostprocessing = 0;
		};
/* End PBXSourcesBuildPhase section */

/* Begin PBXTargetDependency section */
		8494FB4F25C29615000F13B1 /* PBXTargetDependency */ = {
			isa = PBXTargetDependency;
			target = 8494FB3625C29614000F13B1 /* just-chat */;
			targetProxy = 8494FB4E25C29615000F13B1 /* PBXContainerItemProxy */;
		};
		8494FB5A25C29615000F13B1 /* PBXTargetDependency */ = {
			isa = PBXTargetDependency;
			target = 8494FB3625C29614000F13B1 /* just-chat */;
			targetProxy = 8494FB5925C29615000F13B1 /* PBXContainerItemProxy */;
		};
/* End PBXTargetDependency section */

/* Begin XCBuildConfiguration section */
		8494FB5F25C29615000F13B1 /* Debug */ = {
			isa = XCBuildConfiguration;
			buildSettings = {
				ALWAYS_SEARCH_USER_PATHS = NO;
				CLANG_ANALYZER_NONNULL = YES;
				CLANG_ANALYZER_NUMBER_OBJECT_CONVERSION = YES_AGGRESSIVE;
				CLANG_CXX_LANGUAGE_STANDARD = "gnu++14";
				CLANG_CXX_LIBRARY = "libc++";
				CLANG_ENABLE_MODULES = YES;
				CLANG_ENABLE_OBJC_ARC = YES;
				CLANG_ENABLE_OBJC_WEAK = YES;
				CLANG_WARN_BLOCK_CAPTURE_AUTORELEASING = YES;
				CLANG_WARN_BOOL_CONVERSION = YES;
				CLANG_WARN_COMMA = YES;
				CLANG_WARN_CONSTANT_CONVERSION = YES;
				CLANG_WARN_DEPRECATED_OBJC_IMPLEMENTATIONS = YES;
				CLANG_WARN_DIRECT_OBJC_ISA_USAGE = YES_ERROR;
				CLANG_WARN_DOCUMENTATION_COMMENTS = YES;
				CLANG_WARN_EMPTY_BODY = YES;
				CLANG_WARN_ENUM_CONVERSION = YES;
				CLANG_WARN_INFINITE_RECURSION = YES;
				CLANG_WARN_INT_CONVERSION = YES;
				CLANG_WARN_NON_LITERAL_NULL_CONVERSION = YES;
				CLANG_WARN_OBJC_IMPLICIT_RETAIN_SELF = YES;
				CLANG_WARN_OBJC_LITERAL_CONVERSION = YES;
				CLANG_WARN_OBJC_ROOT_CLASS = YES_ERROR;
				CLANG_WARN_QUOTED_INCLUDE_IN_FRAMEWORK_HEADER = YES;
				CLANG_WARN_RANGE_LOOP_ANALYSIS = YES;
				CLANG_WARN_STRICT_PROTOTYPES = YES;
				CLANG_WARN_SUSPICIOUS_MOVE = YES;
				CLANG_WARN_UNGUARDED_AVAILABILITY = YES_AGGRESSIVE;
				CLANG_WARN_UNREACHABLE_CODE = YES;
				CLANG_WARN__DUPLICATE_METHOD_MATCH = YES;
				COPY_PHASE_STRIP = NO;
				DEBUG_INFORMATION_FORMAT = dwarf;
				ENABLE_STRICT_OBJC_MSGSEND = YES;
				ENABLE_TESTABILITY = YES;
				GCC_C_LANGUAGE_STANDARD = gnu11;
				GCC_DYNAMIC_NO_PIC = NO;
				GCC_NO_COMMON_BLOCKS = YES;
				GCC_OPTIMIZATION_LEVEL = 0;
				GCC_PREPROCESSOR_DEFINITIONS = (
					"DEBUG=1",
					"$(inherited)",
				);
				GCC_WARN_64_TO_32_BIT_CONVERSION = YES;
				GCC_WARN_ABOUT_RETURN_TYPE = YES_ERROR;
				GCC_WARN_UNDECLARED_SELECTOR = YES;
				GCC_WARN_UNINITIALIZED_AUTOS = YES_AGGRESSIVE;
				GCC_WARN_UNUSED_FUNCTION = YES;
				GCC_WARN_UNUSED_VARIABLE = YES;
				IPHONEOS_DEPLOYMENT_TARGET = 14.3;
				MTL_ENABLE_DEBUG_INFO = INCLUDE_SOURCE;
				MTL_FAST_MATH = YES;
				ONLY_ACTIVE_ARCH = YES;
				SDKROOT = iphoneos;
				SWIFT_ACTIVE_COMPILATION_CONDITIONS = DEBUG;
				SWIFT_OPTIMIZATION_LEVEL = "-Onone";
			};
			name = Debug;
		};
		8494FB6025C29615000F13B1 /* Release */ = {
			isa = XCBuildConfiguration;
			buildSettings = {
				ALWAYS_SEARCH_USER_PATHS = NO;
				CLANG_ANALYZER_NONNULL = YES;
				CLANG_ANALYZER_NUMBER_OBJECT_CONVERSION = YES_AGGRESSIVE;
				CLANG_CXX_LANGUAGE_STANDARD = "gnu++14";
				CLANG_CXX_LIBRARY = "libc++";
				CLANG_ENABLE_MODULES = YES;
				CLANG_ENABLE_OBJC_ARC = YES;
				CLANG_ENABLE_OBJC_WEAK = YES;
				CLANG_WARN_BLOCK_CAPTURE_AUTORELEASING = YES;
				CLANG_WARN_BOOL_CONVERSION = YES;
				CLANG_WARN_COMMA = YES;
				CLANG_WARN_CONSTANT_CONVERSION = YES;
				CLANG_WARN_DEPRECATED_OBJC_IMPLEMENTATIONS = YES;
				CLANG_WARN_DIRECT_OBJC_ISA_USAGE = YES_ERROR;
				CLANG_WARN_DOCUMENTATION_COMMENTS = YES;
				CLANG_WARN_EMPTY_BODY = YES;
				CLANG_WARN_ENUM_CONVERSION = YES;
				CLANG_WARN_INFINITE_RECURSION = YES;
				CLANG_WARN_INT_CONVERSION = YES;
				CLANG_WARN_NON_LITERAL_NULL_CONVERSION = YES;
				CLANG_WARN_OBJC_IMPLICIT_RETAIN_SELF = YES;
				CLANG_WARN_OBJC_LITERAL_CONVERSION = YES;
				CLANG_WARN_OBJC_ROOT_CLASS = YES_ERROR;
				CLANG_WARN_QUOTED_INCLUDE_IN_FRAMEWORK_HEADER = YES;
				CLANG_WARN_RANGE_LOOP_ANALYSIS = YES;
				CLANG_WARN_STRICT_PROTOTYPES = YES;
				CLANG_WARN_SUSPICIOUS_MOVE = YES;
				CLANG_WARN_UNGUARDED_AVAILABILITY = YES_AGGRESSIVE;
				CLANG_WARN_UNREACHABLE_CODE = YES;
				CLANG_WARN__DUPLICATE_METHOD_MATCH = YES;
				COPY_PHASE_STRIP = NO;
				DEBUG_INFORMATION_FORMAT = "dwarf-with-dsym";
				ENABLE_NS_ASSERTIONS = NO;
				ENABLE_STRICT_OBJC_MSGSEND = YES;
				GCC_C_LANGUAGE_STANDARD = gnu11;
				GCC_NO_COMMON_BLOCKS = YES;
				GCC_WARN_64_TO_32_BIT_CONVERSION = YES;
				GCC_WARN_ABOUT_RETURN_TYPE = YES_ERROR;
				GCC_WARN_UNDECLARED_SELECTOR = YES;
				GCC_WARN_UNINITIALIZED_AUTOS = YES_AGGRESSIVE;
				GCC_WARN_UNUSED_FUNCTION = YES;
				GCC_WARN_UNUSED_VARIABLE = YES;
				IPHONEOS_DEPLOYMENT_TARGET = 14.3;
				MTL_ENABLE_DEBUG_INFO = NO;
				MTL_FAST_MATH = YES;
				SDKROOT = iphoneos;
				SWIFT_COMPILATION_MODE = wholemodule;
				SWIFT_OPTIMIZATION_LEVEL = "-O";
				VALIDATE_PRODUCT = YES;
			};
			name = Release;
		};
		8494FB6225C29615000F13B1 /* Debug */ = {
			isa = XCBuildConfiguration;
			baseConfigurationReference = A6AE2330828B6048499FABFE /* Pods-just-chat.debug.xcconfig */;
			buildSettings = {
				ASSETCATALOG_COMPILER_APPICON_NAME = AppIcon;
				ASSETCATALOG_COMPILER_GLOBAL_ACCENT_COLOR_NAME = AccentColor;
				CODE_SIGN_STYLE = Automatic;
				DEVELOPMENT_ASSET_PATHS = "\"just-chat/Preview Content\"";
				DEVELOPMENT_TEAM = 92RLHVGQPD;
				ENABLE_PREVIEWS = YES;
				INFOPLIST_FILE = "just-chat/Info.plist";
				IPHONEOS_DEPLOYMENT_TARGET = 14.0;
				LD_RUNPATH_SEARCH_PATHS = (
					"$(inherited)",
					"@executable_path/Frameworks",
				);
				PRODUCT_BUNDLE_IDENTIFIER = "com.flowme.just-chat";
				PRODUCT_NAME = "$(TARGET_NAME)";
				SWIFT_VERSION = 5.0;
				TARGETED_DEVICE_FAMILY = "1,2";
			};
			name = Debug;
		};
		8494FB6325C29615000F13B1 /* Release */ = {
			isa = XCBuildConfiguration;
			baseConfigurationReference = 43905329677C69EC9ACEB90C /* Pods-just-chat.release.xcconfig */;
			buildSettings = {
				ASSETCATALOG_COMPILER_APPICON_NAME = AppIcon;
				ASSETCATALOG_COMPILER_GLOBAL_ACCENT_COLOR_NAME = AccentColor;
				CODE_SIGN_STYLE = Automatic;
				DEVELOPMENT_ASSET_PATHS = "\"just-chat/Preview Content\"";
				DEVELOPMENT_TEAM = 92RLHVGQPD;
				ENABLE_PREVIEWS = YES;
				INFOPLIST_FILE = "just-chat/Info.plist";
				IPHONEOS_DEPLOYMENT_TARGET = 14.0;
				LD_RUNPATH_SEARCH_PATHS = (
					"$(inherited)",
					"@executable_path/Frameworks",
				);
				PRODUCT_BUNDLE_IDENTIFIER = "com.flowme.just-chat";
				PRODUCT_NAME = "$(TARGET_NAME)";
				SWIFT_VERSION = 5.0;
				TARGETED_DEVICE_FAMILY = "1,2";
			};
			name = Release;
		};
		8494FB6525C29615000F13B1 /* Debug */ = {
			isa = XCBuildConfiguration;
			buildSettings = {
				ALWAYS_EMBED_SWIFT_STANDARD_LIBRARIES = YES;
				BUNDLE_LOADER = "$(TEST_HOST)";
				CODE_SIGN_STYLE = Automatic;
				DEVELOPMENT_TEAM = 92RLHVGQPD;
				INFOPLIST_FILE = "just-chatTests/Info.plist";
				IPHONEOS_DEPLOYMENT_TARGET = 14.0;
				LD_RUNPATH_SEARCH_PATHS = (
					"$(inherited)",
					"@executable_path/Frameworks",
					"@loader_path/Frameworks",
				);
				PRODUCT_BUNDLE_IDENTIFIER = "com.flowme.just-chatTests";
				PRODUCT_NAME = "$(TARGET_NAME)";
				SWIFT_VERSION = 5.0;
				TARGETED_DEVICE_FAMILY = "1,2";
				TEST_HOST = "$(BUILT_PRODUCTS_DIR)/just-chat.app/just-chat";
			};
			name = Debug;
		};
		8494FB6625C29615000F13B1 /* Release */ = {
			isa = XCBuildConfiguration;
			buildSettings = {
				ALWAYS_EMBED_SWIFT_STANDARD_LIBRARIES = YES;
				BUNDLE_LOADER = "$(TEST_HOST)";
				CODE_SIGN_STYLE = Automatic;
				DEVELOPMENT_TEAM = 92RLHVGQPD;
				INFOPLIST_FILE = "just-chatTests/Info.plist";
				IPHONEOS_DEPLOYMENT_TARGET = 14.0;
				LD_RUNPATH_SEARCH_PATHS = (
					"$(inherited)",
					"@executable_path/Frameworks",
					"@loader_path/Frameworks",
				);
				PRODUCT_BUNDLE_IDENTIFIER = "com.flowme.just-chatTests";
				PRODUCT_NAME = "$(TARGET_NAME)";
				SWIFT_VERSION = 5.0;
				TARGETED_DEVICE_FAMILY = "1,2";
				TEST_HOST = "$(BUILT_PRODUCTS_DIR)/just-chat.app/just-chat";
			};
			name = Release;
		};
		8494FB6825C29615000F13B1 /* Debug */ = {
			isa = XCBuildConfiguration;
			buildSettings = {
				ALWAYS_EMBED_SWIFT_STANDARD_LIBRARIES = YES;
				CODE_SIGN_STYLE = Automatic;
				DEVELOPMENT_TEAM = 92RLHVGQPD;
				INFOPLIST_FILE = "just-chatUITests/Info.plist";
				LD_RUNPATH_SEARCH_PATHS = (
					"$(inherited)",
					"@executable_path/Frameworks",
					"@loader_path/Frameworks",
				);
				PRODUCT_BUNDLE_IDENTIFIER = "com.flowme.just-chatUITests";
				PRODUCT_NAME = "$(TARGET_NAME)";
				SWIFT_VERSION = 5.0;
				TARGETED_DEVICE_FAMILY = "1,2";
				TEST_TARGET_NAME = "just-chat";
			};
			name = Debug;
		};
		8494FB6925C29615000F13B1 /* Release */ = {
			isa = XCBuildConfiguration;
			buildSettings = {
				ALWAYS_EMBED_SWIFT_STANDARD_LIBRARIES = YES;
				CODE_SIGN_STYLE = Automatic;
				DEVELOPMENT_TEAM = 92RLHVGQPD;
				INFOPLIST_FILE = "just-chatUITests/Info.plist";
				LD_RUNPATH_SEARCH_PATHS = (
					"$(inherited)",
					"@executable_path/Frameworks",
					"@loader_path/Frameworks",
				);
				PRODUCT_BUNDLE_IDENTIFIER = "com.flowme.just-chatUITests";
				PRODUCT_NAME = "$(TARGET_NAME)";
				SWIFT_VERSION = 5.0;
				TARGETED_DEVICE_FAMILY = "1,2";
				TEST_TARGET_NAME = "just-chat";
			};
			name = Release;
		};
/* End XCBuildConfiguration section */

/* Begin XCConfigurationList section */
		8494FB3225C29614000F13B1 /* Build configuration list for PBXProject "just-chat" */ = {
			isa = XCConfigurationList;
			buildConfigurations = (
				8494FB5F25C29615000F13B1 /* Debug */,
				8494FB6025C29615000F13B1 /* Release */,
			);
			defaultConfigurationIsVisible = 0;
			defaultConfigurationName = Release;
		};
		8494FB6125C29615000F13B1 /* Build configuration list for PBXNativeTarget "just-chat" */ = {
			isa = XCConfigurationList;
			buildConfigurations = (
				8494FB6225C29615000F13B1 /* Debug */,
				8494FB6325C29615000F13B1 /* Release */,
			);
			defaultConfigurationIsVisible = 0;
			defaultConfigurationName = Release;
		};
		8494FB6425C29615000F13B1 /* Build configuration list for PBXNativeTarget "just-chatTests" */ = {
			isa = XCConfigurationList;
			buildConfigurations = (
				8494FB6525C29615000F13B1 /* Debug */,
				8494FB6625C29615000F13B1 /* Release */,
			);
			defaultConfigurationIsVisible = 0;
			defaultConfigurationName = Release;
		};
		8494FB6725C29615000F13B1 /* Build configuration list for PBXNativeTarget "just-chatUITests" */ = {
			isa = XCConfigurationList;
			buildConfigurations = (
				8494FB6825C29615000F13B1 /* Debug */,
				8494FB6925C29615000F13B1 /* Release */,
			);
			defaultConfigurationIsVisible = 0;
			defaultConfigurationName = Release;
		};
/* End XCConfigurationList section */

/* Begin XCVersionGroup section */
		8494FB4525C29615000F13B1 /* just_chat.xcdatamodeld */ = {
			isa = XCVersionGroup;
			children = (
				8494FB4625C29615000F13B1 /* just_chat.xcdatamodel */,
			);
			currentVersion = 8494FB4625C29615000F13B1 /* just_chat.xcdatamodel */;
			path = just_chat.xcdatamodeld;
			sourceTree = "<group>";
			versionGroupType = wrapper.xcdatamodel;
		};
/* End XCVersionGroup section */
	};
	rootObject = 8494FB2F25C29614000F13B1 /* Project object */;
}
